PODS:
  - Capacitor (8.0.0-alpha.2):
    - CapacitorCordova
  - CapacitorApp (8.0.0-alpha.1):
    - Capacitor
  - CapacitorCordova (8.0.0-alpha.2)
  - CapacitorHaptics (8.0.0-next.0):
    - Capacitor

DEPENDENCIES:
  - "Capacitor (from `../../node_modules/@capacitor/ios`)"
  - "CapacitorApp (from `../../node_modules/@capacitor/app`)"
  - "CapacitorCordova (from `../../node_modules/@capacitor/ios`)"
  - CapacitorHaptics (from `../../../capacitor-plugin`)

EXTERNAL SOURCES:
  Capacitor:
    :path: "../../node_modules/@capacitor/ios"
  CapacitorApp:
    :path: "../../node_modules/@capacitor/app"
  CapacitorCordova:
    :path: "../../node_modules/@capacitor/ios"
  CapacitorHaptics:
    :path: "../../../capacitor-plugin"

SPEC CHECKSUMS:
  Capacitor: f88db94b173c6d2c97003248197f749674d42dc8
  CapacitorApp: 87089cd21b006ce5c8578a374573e5e7a7faf7bf
  CapacitorCordova: 9b60d7dd7f5035cefe9b5f7f3edf11ccd93b6ae6
  CapacitorHaptics: d58d1428ce0347833a97f552b1e952df787e5992

PODFILE CHECKSUM: a8679620d2e7cb98a3ddc23cb452776cdf10b17d

COCOAPODS: 1.16.2
